
Microsoft Visual Studio Solution File, Format Version 12.00
# Visual Studio 14
VisualStudioVersion = 14.0.25123.0
MinimumVisualStudioVersion = 10.0.40219.1
Project("{FAE04EC0-301F-11D3-BF4B-00C04F79EFBC}") = "BotFactory", "BotFactory\BotFactory.csproj", "{EBCBCF96-52B6-44E1-838C-77CF7A46C57C}"
EndProject
Project("{FAE04EC0-301F-11D3-BF4B-00C04F79EFBC}") = "Models", "Models\Models.csproj", "{5A0181E2-F92F-4608-8852-C539852FFA82}"
EndProject
Project("{FAE04EC0-301F-11D3-BF4B-00C04F79EFBC}") = "Common", "Common\Common.csproj", "{C0C183D6-6FC5-4107-9924-0ACAB5483164}"
EndProject
Project("{FAE04EC0-301F-11D3-BF4B-00C04F79EFBC}") = "Factories", "Factories\Factories.csproj", "{18FF6EC6-25DC-41D2-911F-5582BF84D508}"
EndProject
Global
	GlobalSection(SolutionConfigurationPlatforms) = preSolution
		Debug|Any CPU = Debug|Any CPU
		Release|Any CPU = Release|Any CPU
	EndGlobalSection
	GlobalSection(ProjectConfigurationPlatforms) = postSolution
		{EBCBCF96-52B6-44E1-838C-77CF7A46C57C}.Debug|Any CPU.ActiveCfg = Debug|Any CPU
		{EBCBCF96-52B6-44E1-838C-77CF7A46C57C}.Debug|Any CPU.Build.0 = Debug|Any CPU
		{EBCBCF96-52B6-44E1-838C-77CF7A46C57C}.Release|Any CPU.ActiveCfg = Release|Any CPU
		{EBCBCF96-52B6-44E1-838C-77CF7A46C57C}.Release|Any CPU.Build.0 = Release|Any CPU
		{5A0181E2-F92F-4608-8852-C539852FFA82}.Debug|Any CPU.ActiveCfg = Debug|Any CPU
		{5A0181E2-F92F-4608-8852-C539852FFA82}.Debug|Any CPU.Build.0 = Debug|Any CPU
		{5A0181E2-F92F-4608-8852-C539852FFA82}.Release|Any CPU.ActiveCfg = Release|Any CPU
		{5A0181E2-F92F-4608-8852-C539852FFA82}.Release|Any CPU.Build.0 = Release|Any CPU
		{C0C183D6-6FC5-4107-9924-0ACAB5483164}.Debug|Any CPU.ActiveCfg = Debug|Any CPU
		{C0C183D6-6FC5-4107-9924-0ACAB5483164}.Debug|Any CPU.Build.0 = Debug|Any CPU
		{C0C183D6-6FC5-4107-9924-0ACAB5483164}.Release|Any CPU.ActiveCfg = Release|Any CPU
		{C0C183D6-6FC5-4107-9924-0ACAB5483164}.Release|Any CPU.Build.0 = Release|Any CPU
		{18FF6EC6-25DC-41D2-911F-5582BF84D508}.Debug|Any CPU.ActiveCfg = Debug|Any CPU
		{18FF6EC6-25DC-41D2-911F-5582BF84D508}.Debug|Any CPU.Build.0 = Debug|Any CPU
		{18FF6EC6-25DC-41D2-911F-5582BF84D508}.Release|Any CPU.ActiveCfg = Release|Any CPU
		{18FF6EC6-25DC-41D2-911F-5582BF84D508}.Release|Any CPU.Build.0 = Release|Any CPU
	EndGlobalSection
	GlobalSection(SolutionProperties) = preSolution
		HideSolutionNode = FALSE
	EndGlobalSection
EndGlobal
